// !$*UTF8*$!
{
	archiveVersion = 1;
	classes = {
	};
	objectVersion = 50;
	objects = {

/* Begin PBXBuildFile section */
		25E017B425B9A349005BE7E6 /* AppDelegate.swift in Sources */ = {isa = PBXBuildFile; fileRef = 25E017B325B9A349005BE7E6 /* AppDelegate.swift */; };
		25E017B625B9A349005BE7E6 /* SceneDelegate.swift in Sources */ = {isa = PBXBuildFile; fileRef = 25E017B525B9A349005BE7E6 /* SceneDelegate.swift */; };
		25E017B825B9A349005BE7E6 /* ViewController.swift in Sources */ = {isa = PBXBuildFile; fileRef = 25E017B725B9A349005BE7E6 /* ViewController.swift */; };
		25E017BB25B9A349005BE7E6 /* Main.storyboard in Resources */ = {isa = PBXBuildFile; fileRef = 25E017B925B9A349005BE7E6 /* Main.storyboard */; };
		25E017BD25B9A34A005BE7E6 /* Assets.xcassets in Resources */ = {isa = PBXBuildFile; fileRef = 25E017BC25B9A34A005BE7E6 /* Assets.xcassets */; };
		25E017C025B9A34B005BE7E6 /* LaunchScreen.storyboard in Resources */ = {isa = PBXBuildFile; fileRef = 25E017BE25B9A34B005BE7E6 /* LaunchScreen.storyboard */; };
		25E017CB25B9A34B005BE7E6 /* PackageClientTests.swift in Sources */ = {isa = PBXBuildFile; fileRef = 25E017CA25B9A34B005BE7E6 /* PackageClientTests.swift */; };
		25E017D625B9A34B005BE7E6 /* PackageClientUITests.swift in Sources */ = {isa = PBXBuildFile; fileRef = 25E017D525B9A34B005BE7E6 /* PackageClientUITests.swift */; };
/* End PBXBuildFile section */

/* Begin PBXContainerItemProxy section */
		25E017C725B9A34B005BE7E6 /* PBXContainerItemProxy */ = {
			isa = PBXContainerItemProxy;
			containerPortal = 25E017A825B9A349005BE7E6 /* Project object */;
			proxyType = 1;
			remoteGlobalIDString = 25E017AF25B9A349005BE7E6;
			remoteInfo = PackageClient;
		};
		25E017D225B9A34B005BE7E6 /* PBXContainerItemProxy */ = {
			isa = PBXContainerItemProxy;
			containerPortal = 25E017A825B9A349005BE7E6 /* Project object */;
			proxyType = 1;
			remoteGlobalIDString = 25E017AF25B9A349005BE7E6;
			remoteInfo = PackageClient;
		};
/* End PBXContainerItemProxy section */

/* Begin PBXFileReference section */
		25E017B025B9A349005BE7E6 /* PackageClient.app */ = {isa = PBXFileReference; explicitFileType = wrapper.application; includeInIndex = 0; path = PackageClient.app; sourceTree = BUILT_PRODUCTS_DIR; };
		25E017B325B9A349005BE7E6 /* AppDelegate.swift */ = {isa = PBXFileReference; lastKnownFileType = sourcecode.swift; path = AppDelegate.swift; sourceTree = "<group>"; };
		25E017B525B9A349005BE7E6 /* SceneDelegate.swift */ = {isa = PBXFileReference; lastKnownFileType = sourcecode.swift; path = SceneDelegate.swift; sourceTree = "<group>"; };
		25E017B725B9A349005BE7E6 /* ViewController.swift */ = {isa = PBXFileReference; lastKnownFileType = sourcecode.swift; path = ViewController.swift; sourceTree = "<group>"; };
		25E017BA25B9A349005BE7E6 /* Base */ = {isa = PBXFileReference; lastKnownFileType = file.storyboard; name = Base; path = Base.lproj/Main.storyboard; sourceTree = "<group>"; };
		25E017BC25B9A34A005BE7E6 /* Assets.xcassets */ = {isa = PBXFileReference; lastKnownFileType = folder.assetcatalog; path = Assets.xcassets; sourceTree = "<group>"; };
		25E017BF25B9A34B005BE7E6 /* Base */ = {isa = PBXFileReference; lastKnownFileType = file.storyboard; name = Base; path = Base.lproj/LaunchScreen.storyboard; sourceTree = "<group>"; };
		25E017C125B9A34B005BE7E6 /* Info.plist */ = {isa = PBXFileReference; lastKnownFileType = text.plist.xml; path = Info.plist; sourceTree = "<group>"; };
		25E017C625B9A34B005BE7E6 /* PackageClientTests.xctest */ = {isa = PBXFileReference; explicitFileType = wrapper.cfbundle; includeInIndex = 0; path = PackageClientTests.xctest; sourceTree = BUILT_PRODUCTS_DIR; };
		25E017CA25B9A34B005BE7E6 /* PackageClientTests.swift */ = {isa = PBXFileReference; lastKnownFileType = sourcecode.swift; path = PackageClientTests.swift; sourceTree = "<group>"; };
		25E017CC25B9A34B005BE7E6 /* Info.plist */ = {isa = PBXFileReference; lastKnownFileType = text.plist.xml; path = Info.plist; sourceTree = "<group>"; };
		25E017D125B9A34B005BE7E6 /* PackageClientUITests.xctest */ = {isa = PBXFileReference; explicitFileType = wrapper.cfbundle; includeInIndex = 0; path = PackageClientUITests.xctest; sourceTree = BUILT_PRODUCTS_DIR; };
		25E017D525B9A34B005BE7E6 /* PackageClientUITests.swift */ = {isa = PBXFileReference; lastKnownFileType = sourcecode.swift; path = PackageClientUITests.swift; sourceTree = "<group>"; };
		25E017D725B9A34B005BE7E6 /* Info.plist */ = {isa = PBXFileReference; lastKnownFileType = text.plist.xml; path = Info.plist; sourceTree = "<group>"; };
/* End PBXFileReference section */

/* Begin PBXFrameworksBuildPhase section */
		25E017AD25B9A349005BE7E6 /* Frameworks */ = {
			isa = PBXFrameworksBuildPhase;
			buildActionMask = 2147483647;
			files = (
			);
			runOnlyForDeploymentPostprocessing = 0;
		};
		25E017C325B9A34B005BE7E6 /* Frameworks */ = {
			isa = PBXFrameworksBuildPhase;
			buildActionMask = 2147483647;
			files = (
			);
			runOnlyForDeploymentPostprocessing = 0;
		};
		25E017CE25B9A34B005BE7E6 /* Frameworks */ = {
			isa = PBXFrameworksBuildPhase;
			buildActionMask = 2147483647;
			files = (
			);
			runOnlyForDeploymentPostprocessing = 0;
		};
/* End PBXFrameworksBuildPhase section */

/* Begin PBXGroup section */
		25E017A725B9A349005BE7E6 = {
			isa = PBXGroup;
			children = (
				25E017B225B9A349005BE7E6 /* PackageClient */,
				25E017C925B9A34B005BE7E6 /* PackageClientTests */,
				25E017D425B9A34B005BE7E6 /* PackageClientUITests */,
				25E017B125B9A349005BE7E6 /* Products */,
			);
			sourceTree = "<group>";
		};
		25E017B125B9A349005BE7E6 /* Products */ = {
			isa = PBXGroup;
			children = (
				25E017B025B9A349005BE7E6 /* PackageClient.app */,
				25E017C625B9A34B005BE7E6 /* PackageClientTests.xctest */,
				25E017D125B9A34B005BE7E6 /* PackageClientUITests.xctest */,
			);
			name = Products;
			sourceTree = "<group>";
		};
		25E017B225B9A349005BE7E6 /* PackageClient */ = {
			isa = PBXGroup;
			children = (
				25E017B325B9A349005BE7E6 /* AppDelegate.swift */,
				25E017B525B9A349005BE7E6 /* SceneDelegate.swift */,
				25E017B725B9A349005BE7E6 /* ViewController.swift */,
				25E017B925B9A349005BE7E6 /* Main.storyboard */,
				25E017BC25B9A34A005BE7E6 /* Assets.xcassets */,
				25E017BE25B9A34B005BE7E6 /* LaunchScreen.storyboard */,
				25E017C125B9A34B005BE7E6 /* Info.plist */,
			);
			path = PackageClient;
			sourceTree = "<group>";
		};
		25E017C925B9A34B005BE7E6 /* PackageClientTests */ = {
			isa = PBXGroup;
			children = (
				25E017CA25B9A34B005BE7E6 /* PackageClientTests.swift */,
				25E017CC25B9A34B005BE7E6 /* Info.plist */,
			);
			path = PackageClientTests;
			sourceTree = "<group>";
		};
		25E017D425B9A34B005BE7E6 /* PackageClientUITests */ = {
			isa = PBXGroup;
			children = (
				25E017D525B9A34B005BE7E6 /* PackageClientUITests.swift */,
				25E017D725B9A34B005BE7E6 /* Info.plist */,
			);
			path = PackageClientUITests;
			sourceTree = "<group>";
		};
/* End PBXGroup section */

/* Begin PBXNativeTarget section */
		25E017AF25B9A349005BE7E6 /* PackageClient */ = {
			isa = PBXNativeTarget;
			buildConfigurationList = 25E017DA25B9A34B005BE7E6 /* Build configuration list for PBXNativeTarget "PackageClient" */;
			buildPhases = (
				25E017AC25B9A349005BE7E6 /* Sources */,
				25E017AD25B9A349005BE7E6 /* Frameworks */,
				25E017AE25B9A349005BE7E6 /* Resources */,
			);
			buildRules = (
			);
			dependencies = (
			);
			name = PackageClient;
			productName = PackageClient;
			productReference = 25E017B025B9A349005BE7E6 /* PackageClient.app */;
			productType = "com.apple.product-type.application";
		};
		25E017C525B9A34B005BE7E6 /* PackageClientTests */ = {
			isa = PBXNativeTarget;
			buildConfigurationList = 25E017DD25B9A34B005BE7E6 /* Build configuration list for PBXNativeTarget "PackageClientTests" */;
			buildPhases = (
				25E017C225B9A34B005BE7E6 /* Sources */,
				25E017C325B9A34B005BE7E6 /* Frameworks */,
				25E017C425B9A34B005BE7E6 /* Resources */,
			);
			buildRules = (
			);
			dependencies = (
				25E017C825B9A34B005BE7E6 /* PBXTargetDependency */,
			);
			name = PackageClientTests;
			productName = PackageClientTests;
			productReference = 25E017C625B9A34B005BE7E6 /* PackageClientTests.xctest */;
			productType = "com.apple.product-type.bundle.unit-test";
		};
		25E017D025B9A34B005BE7E6 /* PackageClientUITests */ = {
			isa = PBXNativeTarget;
			buildConfigurationList = 25E017E025B9A34B005BE7E6 /* Build configuration list for PBXNativeTarget "PackageClientUITests" */;
			buildPhases = (
				25E017CD25B9A34B005BE7E6 /* Sources */,
				25E017CE25B9A34B005BE7E6 /* Frameworks */,
				25E017CF25B9A34B005BE7E6 /* Resources */,
			);
			buildRules = (
			);
			dependencies = (
				25E017D325B9A34B005BE7E6 /* PBXTargetDependency */,
			);
			name = PackageClientUITests;
			productName = PackageClientUITests;
			productReference = 25E017D125B9A34B005BE7E6 /* PackageClientUITests.xctest */;
			productType = "com.apple.product-type.bundle.ui-testing";
		};
/* End PBXNativeTarget section */

/* Begin PBXProject section */
		25E017A825B9A349005BE7E6 /* Project object */ = {
			isa = PBXProject;
			attributes = {
				LastSwiftUpdateCheck = 1230;
				LastUpgradeCheck = 1230;
				TargetAttributes = {
					25E017AF25B9A349005BE7E6 = {
						CreatedOnToolsVersion = 12.3;
					};
					25E017C525B9A34B005BE7E6 = {
						CreatedOnToolsVersion = 12.3;
						TestTargetID = 25E017AF25B9A349005BE7E6;
					};
					25E017D025B9A34B005BE7E6 = {
						CreatedOnToolsVersion = 12.3;
						TestTargetID = 25E017AF25B9A349005BE7E6;
					};
				};
			};
			buildConfigurationList = 25E017AB25B9A349005BE7E6 /* Build configuration list for PBXProject "PackageClient" */;
			compatibilityVersion = "Xcode 9.3";
			developmentRegion = en;
			hasScannedForEncodings = 0;
			knownRegions = (
				en,
				Base,
			);
			mainGroup = 25E017A725B9A349005BE7E6;
			productRefGroup = 25E017B125B9A349005BE7E6 /* Products */;
			projectDirPath = "";
			projectRoot = "";
			targets = (
				25E017AF25B9A349005BE7E6 /* PackageClient */,
				25E017C525B9A34B005BE7E6 /* PackageClientTests */,
				25E017D025B9A34B005BE7E6 /* PackageClientUITests */,
			);
		};
/* End PBXProject section */

/* Begin PBXResourcesBuildPhase section */
		25E017AE25B9A349005BE7E6 /* Resources */ = {
			isa = PBXResourcesBuildPhase;
			buildActionMask = 2147483647;
			files = (
				25E017C025B9A34B005BE7E6 /* LaunchScreen.storyboard in Resources */,
				25E017BD25B9A34A005BE7E6 /* Assets.xcassets in Resources */,
				25E017BB25B9A349005BE7E6 /* Main.storyboard in Resources */,
			);
			runOnlyForDeploymentPostprocessing = 0;
		};
		25E017C425B9A34B005BE7E6 /* Resources */ = {
			isa = PBXResourcesBuildPhase;
			buildActionMask = 2147483647;
			files = (
			);
			runOnlyForDeploymentPostprocessing = 0;
		};
		25E017CF25B9A34B005BE7E6 /* Resources */ = {
			isa = PBXResourcesBuildPhase;
			buildActionMask = 2147483647;
			files = (
			);
			runOnlyForDeploymentPostprocessing = 0;
		};
/* End PBXResourcesBuildPhase section */

/* Begin PBXSourcesBuildPhase section */
		25E017AC25B9A349005BE7E6 /* Sources */ = {
			isa = PBXSourcesBuildPhase;
			buildActionMask = 2147483647;
			files = (
				25E017B825B9A349005BE7E6 /* ViewController.swift in Sources */,
				25E017B425B9A349005BE7E6 /* AppDelegate.swift in Sources */,
				25E017B625B9A349005BE7E6 /* SceneDelegate.swift in Sources */,
			);
			runOnlyForDeploymentPostprocessing = 0;
		};
		25E017C225B9A34B005BE7E6 /* Sources */ = {
			isa = PBXSourcesBuildPhase;
			buildActionMask = 2147483647;
			files = (
				25E017CB25B9A34B005BE7E6 /* PackageClientTests.swift in Sources */,
			);
			runOnlyForDeploymentPostprocessing = 0;
		};
		25E017CD25B9A34B005BE7E6 /* Sources */ = {
			isa = PBXSourcesBuildPhase;
			buildActionMask = 2147483647;
			files = (
				25E017D625B9A34B005BE7E6 /* PackageClientUITests.swift in Sources */,
			);
			runOnlyForDeploymentPostprocessing = 0;
		};
/* End PBXSourcesBuildPhase section */

/* Begin PBXTargetDependency section */
		25E017C825B9A34B005BE7E6 /* PBXTargetDependency */ = {
			isa = PBXTargetDependency;
			target = 25E017AF25B9A349005BE7E6 /* PackageClient */;
			targetProxy = 25E017C725B9A34B005BE7E6 /* PBXContainerItemProxy */;
		};
		25E017D325B9A34B005BE7E6 /* PBXTargetDependency */ = {
			isa = PBXTargetDependency;
			target = 25E017AF25B9A349005BE7E6 /* PackageClient */;
			targetProxy = 25E017D225B9A34B005BE7E6 /* PBXContainerItemProxy */;
		};
/* End PBXTargetDependency section */

/* Begin PBXVariantGroup section */
		25E017B925B9A349005BE7E6 /* Main.storyboard */ = {
			isa = PBXVariantGroup;
			children = (
				25E017BA25B9A349005BE7E6 /* Base */,
			);
			name = Main.storyboard;
			sourceTree = "<group>";
		};
		25E017BE25B9A34B005BE7E6 /* LaunchScreen.storyboard */ = {
			isa = PBXVariantGroup;
			children = (
				25E017BF25B9A34B005BE7E6 /* Base */,
			);
			name = LaunchScreen.storyboard;
			sourceTree = "<group>";
		};
/* End PBXVariantGroup section */

/* Begin XCBuildConfiguration section */
		25E017D825B9A34B005BE7E6 /* Debug */ = {
			isa = XCBuildConfiguration;
			buildSettings = {
				ALWAYS_SEARCH_USER_PATHS = NO;
				CLANG_ANALYZER_NONNULL = YES;
				CLANG_ANALYZER_NUMBER_OBJECT_CONVERSION = YES_AGGRESSIVE;
				CLANG_CXX_LANGUAGE_STANDARD = "gnu++14";
				CLANG_CXX_LIBRARY = "libc++";
				CLANG_ENABLE_MODULES = YES;
				CLANG_ENABLE_OBJC_ARC = YES;
				CLANG_ENABLE_OBJC_WEAK = YES;
				CLANG_WARN_BLOCK_CAPTURE_AUTORELEASING = YES;
				CLANG_WARN_BOOL_CONVERSION = YES;
				CLANG_WARN_COMMA = YES;
				CLANG_WARN_CONSTANT_CONVERSION = YES;
				CLANG_WARN_DEPRECATED_OBJC_IMPLEMENTATIONS = YES;
				CLANG_WARN_DIRECT_OBJC_ISA_USAGE = YES_ERROR;
				CLANG_WARN_DOCUMENTATION_COMMENTS = YES;
				CLANG_WARN_EMPTY_BODY = YES;
				CLANG_WARN_ENUM_CONVERSION = YES;
				CLANG_WARN_INFINITE_RECURSION = YES;
				CLANG_WARN_INT_CONVERSION = YES;
				CLANG_WARN_NON_LITERAL_NULL_CONVERSION = YES;
				CLANG_WARN_OBJC_IMPLICIT_RETAIN_SELF = YES;
				CLANG_WARN_OBJC_LITERAL_CONVERSION = YES;
				CLANG_WARN_OBJC_ROOT_CLASS = YES_ERROR;
				CLANG_WARN_QUOTED_INCLUDE_IN_FRAMEWORK_HEADER = YES;
				CLANG_WARN_RANGE_LOOP_ANALYSIS = YES;
				CLANG_WARN_STRICT_PROTOTYPES = YES;
				CLANG_WARN_SUSPICIOUS_MOVE = YES;
				CLANG_WARN_UNGUARDED_AVAILABILITY = YES_AGGRESSIVE;
				CLANG_WARN_UNREACHABLE_CODE = YES;
				CLANG_WARN__DUPLICATE_METHOD_MATCH = YES;
				COPY_PHASE_STRIP = NO;
				DEBUG_INFORMATION_FORMAT = dwarf;
				ENABLE_STRICT_OBJC_MSGSEND = YES;
				ENABLE_TESTABILITY = YES;
				GCC_C_LANGUAGE_STANDARD = gnu11;
				GCC_DYNAMIC_NO_PIC = NO;
				GCC_NO_COMMON_BLOCKS = YES;
				GCC_OPTIMIZATION_LEVEL = 0;
				GCC_PREPROCESSOR_DEFINITIONS = (
					"DEBUG=1",
					"$(inherited)",
				);
				GCC_WARN_64_TO_32_BIT_CONVERSION = YES;
				GCC_WARN_ABOUT_RETURN_TYPE = YES_ERROR;
				GCC_WARN_UNDECLARED_SELECTOR = YES;
				GCC_WARN_UNINITIALIZED_AUTOS = YES_AGGRESSIVE;
				GCC_WARN_UNUSED_FUNCTION = YES;
				GCC_WARN_UNUSED_VARIABLE = YES;
				IPHONEOS_DEPLOYMENT_TARGET = 14.3;
				MTL_ENABLE_DEBUG_INFO = INCLUDE_SOURCE;
				MTL_FAST_MATH = YES;
				ONLY_ACTIVE_ARCH = YES;
				SDKROOT = iphoneos;
				SWIFT_ACTIVE_COMPILATION_CONDITIONS = DEBUG;
				SWIFT_OPTIMIZATION_LEVEL = "-Onone";
			};
			name = Debug;
		};
		25E017D925B9A34B005BE7E6 /* Release */ = {
			isa = XCBuildConfiguration;
			buildSettings = {
				ALWAYS_SEARCH_USER_PATHS = NO;
				CLANG_ANALYZER_NONNULL = YES;
				CLANG_ANALYZER_NUMBER_OBJECT_CONVERSION = YES_AGGRESSIVE;
				CLANG_CXX_LANGUAGE_STANDARD = "gnu++14";
				CLANG_CXX_LIBRARY = "libc++";
				CLANG_ENABLE_MODULES = YES;
				CLANG_ENABLE_OBJC_ARC = YES;
				CLANG_ENABLE_OBJC_WEAK = YES;
				CLANG_WARN_BLOCK_CAPTURE_AUTORELEASING = YES;
				CLANG_WARN_BOOL_CONVERSION = YES;
				CLANG_WARN_COMMA = YES;
				CLANG_WARN_CONSTANT_CONVERSION = YES;
				CLANG_WARN_DEPRECATED_OBJC_IMPLEMENTATIONS = YES;
				CLANG_WARN_DIRECT_OBJC_ISA_USAGE = YES_ERROR;
				CLANG_WARN_DOCUMENTATION_COMMENTS = YES;
				CLANG_WARN_EMPTY_BODY = YES;
				CLANG_WARN_ENUM_CONVERSION = YES;
				CLANG_WARN_INFINITE_RECURSION = YES;
				CLANG_WARN_INT_CONVERSION = YES;
				CLANG_WARN_NON_LITERAL_NULL_CONVERSION = YES;
				CLANG_WARN_OBJC_IMPLICIT_RETAIN_SELF = YES;
				CLANG_WARN_OBJC_LITERAL_CONVERSION = YES;
				CLANG_WARN_OBJC_ROOT_CLASS = YES_ERROR;
				CLANG_WARN_QUOTED_INCLUDE_IN_FRAMEWORK_HEADER = YES;
				CLANG_WARN_RANGE_LOOP_ANALYSIS = YES;
				CLANG_WARN_STRICT_PROTOTYPES = YES;
				CLANG_WARN_SUSPICIOUS_MOVE = YES;
				CLANG_WARN_UNGUARDED_AVAILABILITY = YES_AGGRESSIVE;
				CLANG_WARN_UNREACHABLE_CODE = YES;
				CLANG_WARN__DUPLICATE_METHOD_MATCH = YES;
				COPY_PHASE_STRIP = NO;
				DEBUG_INFORMATION_FORMAT = "dwarf-with-dsym";
				ENABLE_NS_ASSERTIONS = NO;
				ENABLE_STRICT_OBJC_MSGSEND = YES;
				GCC_C_LANGUAGE_STANDARD = gnu11;
				GCC_NO_COMMON_BLOCKS = YES;
				GCC_WARN_64_TO_32_BIT_CONVERSION = YES;
				GCC_WARN_ABOUT_RETURN_TYPE = YES_ERROR;
				GCC_WARN_UNDECLARED_SELECTOR = YES;
				GCC_WARN_UNINITIALIZED_AUTOS = YES_AGGRESSIVE;
				GCC_WARN_UNUSED_FUNCTION = YES;
				GCC_WARN_UNUSED_VARIABLE = YES;
				IPHONEOS_DEPLOYMENT_TARGET = 14.3;
				MTL_ENABLE_DEBUG_INFO = NO;
				MTL_FAST_MATH = YES;
				SDKROOT = iphoneos;
				SWIFT_COMPILATION_MODE = wholemodule;
				SWIFT_OPTIMIZATION_LEVEL = "-O";
				VALIDATE_PRODUCT = YES;
			};
			name = Release;
		};
		25E017DB25B9A34B005BE7E6 /* Debug */ = {
			isa = XCBuildConfiguration;
			buildSettings = {
				ASSETCATALOG_COMPILER_APPICON_NAME = AppIcon;
				ASSETCATALOG_COMPILER_GLOBAL_ACCENT_COLOR_NAME = AccentColor;
				CODE_SIGN_STYLE = Automatic;
				DEVELOPMENT_TEAM = WLNME8W96A;
				INFOPLIST_FILE = PackageClient/Info.plist;
				LD_RUNPATH_SEARCH_PATHS = (
					"$(inherited)",
					"@executable_path/Frameworks",
				);
				PRODUCT_BUNDLE_IDENTIFIER = com.test.PackageClient;
				PRODUCT_NAME = "$(TARGET_NAME)";
				SWIFT_VERSION = 5.0;
				TARGETED_DEVICE_FAMILY = "1,2";
			};
			name = Debug;
		};
		25E017DC25B9A34B005BE7E6 /* Release */ = {
			isa = XCBuildConfiguration;
			buildSettings = {
				ASSETCATALOG_COMPILER_APPICON_NAME = AppIcon;
				ASSETCATALOG_COMPILER_GLOBAL_ACCENT_COLOR_NAME = AccentColor;
				CODE_SIGN_STYLE = Automatic;
				DEVELOPMENT_TEAM = WLNME8W96A;
				INFOPLIST_FILE = PackageClient/Info.plist;
				LD_RUNPATH_SEARCH_PATHS = (
					"$(inherited)",
					"@executable_path/Frameworks",
				);
				PRODUCT_BUNDLE_IDENTIFIER = com.test.PackageClient;
				PRODUCT_NAME = "$(TARGET_NAME)";
				SWIFT_VERSION = 5.0;
				TARGETED_DEVICE_FAMILY = "1,2";
			};
			name = Release;
		};
		25E017DE25B9A34B005BE7E6 /* Debug */ = {
			isa = XCBuildConfiguration;
			buildSettings = {
				ALWAYS_EMBED_SWIFT_STANDARD_LIBRARIES = YES;
				BUNDLE_LOADER = "$(TEST_HOST)";
				CODE_SIGN_STYLE = Automatic;
				DEVELOPMENT_TEAM = WLNME8W96A;
				INFOPLIST_FILE = PackageClientTests/Info.plist;
				IPHONEOS_DEPLOYMENT_TARGET = 14.3;
				LD_RUNPATH_SEARCH_PATHS = (
					"$(inherited)",
					"@executable_path/Frameworks",
					"@loader_path/Frameworks",
				);
				PRODUCT_BUNDLE_IDENTIFIER = com.test.PackageClientTests;
				PRODUCT_NAME = "$(TARGET_NAME)";
				SWIFT_VERSION = 5.0;
				TARGETED_DEVICE_FAMILY = "1,2";
				TEST_HOST = "$(BUILT_PRODUCTS_DIR)/PackageClient.app/PackageClient";
			};
			name = Debug;
		};
		25E017DF25B9A34B005BE7E6 /* Release */ = {
			isa = XCBuildConfiguration;
			buildSettings = {
				ALWAYS_EMBED_SWIFT_STANDARD_LIBRARIES = YES;
				BUNDLE_LOADER = "$(TEST_HOST)";
				CODE_SIGN_STYLE = Automatic;
				DEVELOPMENT_TEAM = WLNME8W96A;
				INFOPLIST_FILE = PackageClientTests/Info.plist;
				IPHONEOS_DEPLOYMENT_TARGET = 14.3;
				LD_RUNPATH_SEARCH_PATHS = (
					"$(inherited)",
					"@executable_path/Frameworks",
					"@loader_path/Frameworks",
				);
				PRODUCT_BUNDLE_IDENTIFIER = com.test.PackageClientTests;
				PRODUCT_NAME = "$(TARGET_NAME)";
				SWIFT_VERSION = 5.0;
				TARGETED_DEVICE_FAMILY = "1,2";
				TEST_HOST = "$(BUILT_PRODUCTS_DIR)/PackageClient.app/PackageClient";
			};
			name = Release;
		};
		25E017E125B9A34B005BE7E6 /* Debug */ = {
			isa = XCBuildConfiguration;
			buildSettings = {
				ALWAYS_EMBED_SWIFT_STANDARD_LIBRARIES = YES;
				CODE_SIGN_STYLE = Automatic;
				DEVELOPMENT_TEAM = WLNME8W96A;
				INFOPLIST_FILE = PackageClientUITests/Info.plist;
				LD_RUNPATH_SEARCH_PATHS = (
					"$(inherited)",
					"@executable_path/Frameworks",
					"@loader_path/Frameworks",
				);
				PRODUCT_BUNDLE_IDENTIFIER = com.test.PackageClientUITests;
				PRODUCT_NAME = "$(TARGET_NAME)";
				SWIFT_VERSION = 5.0;
				TARGETED_DEVICE_FAMILY = "1,2";
				TEST_TARGET_NAME = PackageClient;
			};
			name = Debug;
		};
		25E017E225B9A34B005BE7E6 /* Release */ = {
			isa = XCBuildConfiguration;
			buildSettings = {
				ALWAYS_EMBED_SWIFT_STANDARD_LIBRARIES = YES;
				CODE_SIGN_STYLE = Automatic;
				DEVELOPMENT_TEAM = WLNME8W96A;
				INFOPLIST_FILE = PackageClientUITests/Info.plist;
				LD_RUNPATH_SEARCH_PATHS = (
					"$(inherited)",
					"@executable_path/Frameworks",
					"@loader_path/Frameworks",
				);
				PRODUCT_BUNDLE_IDENTIFIER = com.test.PackageClientUITests;
				PRODUCT_NAME = "$(TARGET_NAME)";
				SWIFT_VERSION = 5.0;
				TARGETED_DEVICE_FAMILY = "1,2";
				TEST_TARGET_NAME = PackageClient;
			};
			name = Release;
		};
/* End XCBuildConfiguration section */

/* Begin XCConfigurationList section */
		25E017AB25B9A349005BE7E6 /* Build configuration list for PBXProject "PackageClient" */ = {
			isa = XCConfigurationList;
			buildConfigurations = (
				25E017D825B9A34B005BE7E6 /* Debug */,
				25E017D925B9A34B005BE7E6 /* Release */,
			);
			defaultConfigurationIsVisible = 0;
			defaultConfigurationName = Release;
		};
		25E017DA25B9A34B005BE7E6 /* Build configuration list for PBXNativeTarget "PackageClient" */ = {
			isa = XCConfigurationList;
			buildConfigurations = (
				25E017DB25B9A34B005BE7E6 /* Debug */,
				25E017DC25B9A34B005BE7E6 /* Release */,
			);
			defaultConfigurationIsVisible = 0;
			defaultConfigurationName = Release;
		};
		25E017DD25B9A34B005BE7E6 /* Build configuration list for PBXNativeTarget "PackageClientTests" */ = {
			isa = XCConfigurationList;
			buildConfigurations = (
				25E017DE25B9A34B005BE7E6 /* Debug */,
				25E017DF25B9A34B005BE7E6 /* Release */,
			);
			defaultConfigurationIsVisible = 0;
			defaultConfigurationName = Release;
		};
		25E017E025B9A34B005BE7E6 /* Build configuration list for PBXNativeTarget "PackageClientUITests" */ = {
			isa = XCConfigurationList;
			buildConfigurations = (
				25E017E125B9A34B005BE7E6 /* Debug */,
				25E017E225B9A34B005BE7E6 /* Release */,
			);
			defaultConfigurationIsVisible = 0;
			defaultConfigurationName = Release;
		};
/* End XCConfigurationList section */
	};
	rootObject = 25E017A825B9A349005BE7E6 /* Project object */;
}
